
Microsoft Visual Studio Solution File, Format Version 12.00
# Visual Studio 2012
Project("{FAE04EC0-301F-11D3-BF4B-00C04F79EFBC}") = "XlsFormat", "XlsFormat\XlsFormat.csproj", "{2039C045-233B-42C3-A77A-A2F36A5813A3}"
EndProject
Project("{2150E333-8FDC-42A3-9474-1A3956D46DE8}") = "Solution Items", "Solution Items", "{C2A86790-2FF4-4564-AA22-2314CDAD497B}"
EndProject
Global
	GlobalSection(SolutionConfigurationPlatforms) = preSolution
		Debug|x86 = Debug|x86
		Release|x86 = Release|x86
	EndGlobalSection
	GlobalSection(ProjectConfigurationPlatforms) = postSolution
		{2039C045-233B-42C3-A77A-A2F36A5813A3}.Debug|x86.ActiveCfg = Debug|x86
		{2039C045-233B-42C3-A77A-A2F36A5813A3}.Debug|x86.Build.0 = Debug|x86
		{2039C045-233B-42C3-A77A-A2F36A5813A3}.Release|x86.ActiveCfg = Release|x86
		{2039C045-233B-42C3-A77A-A2F36A5813A3}.Release|x86.Build.0 = Release|x86
	EndGlobalSection
EndGlobal
